Microsoft Visual Studio Solution File, Format Version 12.00
# Visual Studio Version 17
VisualStudioVersion = 17.5.2.0
MinimumVisualStudioVersion = 10.0.40219.1
Project("{FAE04EC0-301F-11D3-BF4B-00C04F79EFBC}") = "include", "playground\include.csproj", "{A0F2AA84-A24B-4E1B-9BC2-0C1A4AA13A9B}"
EndProject
Global
	GlobalSection(SolutionConfigurationPlatforms) = preSolution
		Debug|Any CPU = Debug|Any CPU
		Release|Any CPU = Release|Any CPU
	EndGlobalSection
	GlobalSection(ProjectConfigurationPlatforms) = postSolution
		{A0F2AA84-A24B-4E1B-9BC2-0C1A4AA13A9B}.Debug|Any CPU.ActiveCfg = Debug|Any CPU
		{A0F2AA84-A24B-4E1B-9BC2-0C1A4AA13A9B}.Debug|Any CPU.Build.0 = Debug|Any CPU
		{A0F2AA84-A24B-4E1B-9BC2-0C1A4AA13A9B}.Release|Any CPU.ActiveCfg = Release|Any CPU
		{A0F2AA84-A24B-4E1B-9BC2-0C1A4AA13A9B}.Release|Any CPU.Build.0 = Release|Any CPU
	EndGlobalSection
	GlobalSection(SolutionProperties) = preSolution
		HideSolutionNode = FALSE
	EndGlobalSection
	GlobalSection(ExtensibilityGlobals) = postSolution
		SolutionGuid = {3712FF7A-01A3-4F74-975B-43FA75EDEC73}
	EndGlobalSection
EndGlobal
